
Microsoft Visual Studio Solution File, Format Version 12.00
# Visual Studio Version 17
VisualStudioVersion = 17.4.32804.182
MinimumVisualStudioVersion = 10.0.40219.1
Project("{FAE04EC0-301F-11D3-BF4B-00C04F79EFBC}") = "FirstStrike", "FirstStrike\FirstStrike.csproj", "{80D61BB6-6EA0-415A-9FD3-D8894BA44A0B}"
EndProject
Global
	GlobalSection(SolutionConfigurationPlatforms) = preSolution
		Debug|Any CPU = Debug|Any CPU
		Release|Any CPU = Release|Any CPU
	EndGlobalSection
	GlobalSection(ProjectConfigurationPlatforms) = postSolution
		{80D61BB6-6EA0-415A-9FD3-D8894BA44A0B}.Debug|Any CPU.ActiveCfg = Debug|Any CPU
		{80D61BB6-6EA0-415A-9FD3-D8894BA44A0B}.Debug|Any CPU.Build.0 = Debug|Any CPU
		{80D61BB6-6EA0-415A-9FD3-D8894BA44A0B}.Release|Any CPU.ActiveCfg = Release|Any CPU
		{80D61BB6-6EA0-415A-9FD3-D8894BA44A0B}.Release|Any CPU.Build.0 = Release|Any CPU
	EndGlobalSection
	GlobalSection(SolutionProperties) = preSolution
		HideSolutionNode = FALSE
	EndGlobalSection
	GlobalSection(ExtensibilityGlobals) = postSolution
		SolutionGuid = {04326B6D-5DDB-4577-BED5-A1479BC4CAD9}
	EndGlobalSection
EndGlobal
